
Microsoft Visual Studio Solution File, Format Version 12.00
# Visual Studio Version 17
VisualStudioVersion = 17.14.36414.22 d17.14
MinimumVisualStudioVersion = 10.0.40219.1
Project("{FAE04EC0-301F-11D3-BF4B-00C04F79EFBC}") = "VetorApp", "VetorApp\VetorApp.csproj", "{75973905-08CE-4787-B25F-DBE84A0F9938}"
EndProject
Global
	GlobalSection(SolutionConfigurationPlatforms) = preSolution
		Debug|Any CPU = Debug|Any CPU
		Release|Any CPU = Release|Any CPU
	EndGlobalSection
	GlobalSection(ProjectConfigurationPlatforms) = postSolution
		{75973905-08CE-4787-B25F-DBE84A0F9938}.Debug|Any CPU.ActiveCfg = Debug|Any CPU
		{75973905-08CE-4787-B25F-DBE84A0F9938}.Debug|Any CPU.Build.0 = Debug|Any CPU
		{75973905-08CE-4787-B25F-DBE84A0F9938}.Release|Any CPU.ActiveCfg = Release|Any CPU
		{75973905-08CE-4787-B25F-DBE84A0F9938}.Release|Any CPU.Build.0 = Release|Any CPU
	EndGlobalSection
	GlobalSection(SolutionProperties) = preSolution
		HideSolutionNode = FALSE
	EndGlobalSection
	GlobalSection(ExtensibilityGlobals) = postSolution
		SolutionGuid = {E6A8EC02-986F-4FE3-8456-750AA0D01C75}
	EndGlobalSection
EndGlobal
